
Microsoft Visual Studio Solution File, Format Version 12.00
# Visual Studio 15
VisualStudioVersion = 15.0.27004.2010
MinimumVisualStudioVersion = 10.0.40219.1
Project("{9A19103F-16F7-4668-BE54-9A1E7A4F7556}") = "aliyun-net-sdk-core", "aliyun-net-sdk-core\aliyun-net-sdk-core.csproj", "{6E821DA9-18AF-40C4-9798-DD1854D1252E}"
EndProject
Project("{9A19103F-16F7-4668-BE54-9A1E7A4F7556}") = "aliyun-net-sdk-alidns", "aliyun-net-sdk-alidns\aliyun-net-sdk-alidns.csproj", "{9D60DDE3-3A7B-4B01-8E73-B1258A703213}"
EndProject
Project("{9A19103F-16F7-4668-BE54-9A1E7A4F7556}") = "aliyun-net-sdk-cdn", "aliyun-net-sdk-cdn\aliyun-net-sdk-cdn.csproj", "{1C8DEFCF-E322-483B-BD46-085EF47A42A7}"
EndProject
Project("{9A19103F-16F7-4668-BE54-9A1E7A4F7556}") = "aliyun-net-sdk-dm", "aliyun-net-sdk-dm\aliyun-net-sdk-dm.csproj", "{A88D7C7C-9917-4102-8BA3-7B5F658FD244}"
EndProject
Project("{9A19103F-16F7-4668-BE54-9A1E7A4F7556}") = "aliyun-net-sdk-domain", "aliyun-net-sdk-domain\aliyun-net-sdk-domain.csproj", "{8BBAB827-1E7E-428C-BA4E-B0296883D2C7}"
EndProject
Project("{9A19103F-16F7-4668-BE54-9A1E7A4F7556}") = "aliyun-net-sdk-ecs", "aliyun-net-sdk-ecs\aliyun-net-sdk-ecs.csproj", "{57AA4D0A-4163-4C2D-82AF-2AF24776C569}"
EndProject
Project("{9A19103F-16F7-4668-BE54-9A1E7A4F7556}") = "aliyun-net-sdk-hpc", "aliyun-net-sdk-hpc\aliyun-net-sdk-hpc.csproj", "{8EB58997-322D-409B-9D20-91B5FB55ECAC}"
EndProject
Project("{9A19103F-16F7-4668-BE54-9A1E7A4F7556}") = "aliyun-net-sdk-iot", "aliyun-net-sdk-iot\aliyun-net-sdk-iot.csproj", "{766CA8C6-361A-498B-A556-0A8C7D083702}"
EndProject
Project("{9A19103F-16F7-4668-BE54-9A1E7A4F7556}") = "aliyun-net-sdk-kms", "aliyun-net-sdk-kms\aliyun-net-sdk-kms.csproj", "{C6A73CDF-44FB-411B-8313-386C10ABB92E}"
EndProject
Project("{9A19103F-16F7-4668-BE54-9A1E7A4F7556}") = "aliyun-net-sdk-mts", "aliyun-net-sdk-mts\aliyun-net-sdk-mts.csproj", "{FA1E8D75-81F6-4C43-B4C5-363428F4E516}"
EndProject
Project("{9A19103F-16F7-4668-BE54-9A1E7A4F7556}") = "aliyun-net-sdk-rds", "aliyun-net-sdk-rds\aliyun-net-sdk-rds.csproj", "{146A982B-8110-42E0-961B-1E5649060A3D}"
EndProject
Project("{9A19103F-16F7-4668-BE54-9A1E7A4F7556}") = "aliyun-net-sdk-slb", "aliyun-net-sdk-slb\aliyun-net-sdk-slb.csproj", "{3F40D212-FE02-44AB-B90A-CB1A3BC18912}"
EndProject
Project("{9A19103F-16F7-4668-BE54-9A1E7A4F7556}") = "aliyun-net-sdk-sms", "aliyun-net-sdk-sms\aliyun-net-sdk-sms.csproj", "{4CD7ED97-7489-4723-8E4A-16813B9B1076}"
EndProject
Project("{9A19103F-16F7-4668-BE54-9A1E7A4F7556}") = "aliyun-net-sdk-sts", "aliyun-net-sdk-sts\aliyun-net-sdk-sts.csproj", "{AAFBC8CD-800A-4C87-97E0-EB136F2DD9BC}"
EndProject
Project("{9A19103F-16F7-4668-BE54-9A1E7A4F7556}") = "aliyun-net-sdk-live", "aliyun-net-sdk-live\aliyun-net-sdk-live.csproj", "{DF0BBD3A-0F82-48C7-B1C9-7A8D4951027C}"
EndProject
Project("{9A19103F-16F7-4668-BE54-9A1E7A4F7556}") = "aliyun-net-sdk-cloudapi", "aliyun-net-sdk-cloudapi\aliyun-net-sdk-cloudapi.csproj", "{F8486BD0-B68C-444D-B8BA-227117011BED}"
EndProject
Project("{9A19103F-16F7-4668-BE54-9A1E7A4F7556}") = "aliyun-net-sdk-vod", "aliyun-net-sdk-vod\aliyun-net-sdk-vod.csproj", "{A3DD099B-4ACE-43B5-B783-C9424B17DD37}"
EndProject
Project("{9A19103F-16F7-4668-BE54-9A1E7A4F7556}") = "aliyun-net-sdk-cloudphoto", "aliyun-net-sdk-cloudphoto\aliyun-net-sdk-cloudphoto.csproj", "{73BDF48F-CDE9-483A-A13F-3797AB6B6DD9}"
EndProject
Project("{9A19103F-16F7-4668-BE54-9A1E7A4F7556}") = "aliyun-net-sdk-sas-api", "aliyun-net-sdk-sas-api\aliyun-net-sdk-sas-api.csproj", "{1DABA138-02B4-410A-B2B3-609C595D67C6}"
EndProject
Project("{9A19103F-16F7-4668-BE54-9A1E7A4F7556}") = "aliyun-net-sdk-push", "aliyun-net-sdk-push\aliyun-net-sdk-push.csproj", "{AF4790A3-F96A-4B72-B909-E367734D5654}"
EndProject
Project("{2150E333-8FDC-42A3-9474-1A3956D46DE8}") = "Solution Items", "Solution Items", "{E6DEDB68-69DC-4FD9-B831-CA2E5BAFDFFC}"
	ProjectSection(SolutionItems) = preProject
		README.md = README.md
	EndProjectSection
EndProject
Project("{9A19103F-16F7-4668-BE54-9A1E7A4F7556}") = "aliyun-net-sdk-ons", "aliyun-net-sdk-ons\aliyun-net-sdk-ons.csproj", "{F77F4817-5852-4FCF-8559-B8C8B3023FF8}"
EndProject
Project("{9A19103F-16F7-4668-BE54-9A1E7A4F7556}") = "aliyun-net-sdk-ram", "aliyun-net-sdk-ram\aliyun-net-sdk-ram.csproj", "{208ACFB1-B079-48FC-BA02-D07D91BA5656}"
EndProject
Project("{9A19103F-16F7-4668-BE54-9A1E7A4F7556}") = "aliyun-net-sdk-r-kvstore", "aliyun-net-sdk-r-kvstore\aliyun-net-sdk-r-kvstore.csproj", "{54C11033-9AA5-49CE-9294-A4CF7B8AED96}"
EndProject
Project("{9A19103F-16F7-4668-BE54-9A1E7A4F7556}") = "aliyun-net-sdk-chatbot", "aliyun-net-sdk-chatbot\aliyun-net-sdk-chatbot.csproj", "{EDB03C6F-F231-4BFA-85FA-8B1B64621884}"
EndProject
Project("{9A19103F-16F7-4668-BE54-9A1E7A4F7556}") = "aliyun-net-sdk-dds", "aliyun-net-sdk-dds\aliyun-net-sdk-dds.csproj", "{C9A62557-7DA3-48F2-AEEC-3BB565E31565}"
EndProject
Project("{9A19103F-16F7-4668-BE54-9A1E7A4F7556}") = "aliyun-net-sdk-ess", "aliyun-net-sdk-ess\aliyun-net-sdk-ess.csproj", "{92527F85-7E84-4D48-A931-5264F99DCC84}"
EndProject
Project("{9A19103F-16F7-4668-BE54-9A1E7A4F7556}") = "aliyun-net-sdk-nas", "aliyun-net-sdk-nas\aliyun-net-sdk-nas.csproj", "{1CE7C6DA-45E0-4277-BB6F-4C3A48DE3AEC}"
EndProject
Project("{9A19103F-16F7-4668-BE54-9A1E7A4F7556}") = "aliyun-net-sdk-vpc", "aliyun-net-sdk-vpc\aliyun-net-sdk-vpc.csproj", "{D8C2FBFB-825E-415E-B184-898C5BB1B515}"
EndProject
Project("{9A19103F-16F7-4668-BE54-9A1E7A4F7556}") = "aliyun-net-sdk-dysmsapi", "aliyun-net-sdk-dysmsapi\aliyun-net-sdk-dysmsapi.csproj", "{1C4E1AC5-3317-40DF-9B9D-B77B840E0EB8}"
EndProject
Global
	GlobalSection(SolutionConfigurationPlatforms) = preSolution
		Debug|Any CPU = Debug|Any CPU
		Release|Any CPU = Release|Any CPU
	EndGlobalSection
	GlobalSection(ProjectConfigurationPlatforms) = postSolution
		{6E821DA9-18AF-40C4-9798-DD1854D1252E}.Debug|Any CPU.ActiveCfg = Debug|Any CPU
		{6E821DA9-18AF-40C4-9798-DD1854D1252E}.Debug|Any CPU.Build.0 = Debug|Any CPU
		{6E821DA9-18AF-40C4-9798-DD1854D1252E}.Release|Any CPU.ActiveCfg = Release|Any CPU
		{6E821DA9-18AF-40C4-9798-DD1854D1252E}.Release|Any CPU.Build.0 = Release|Any CPU
		{9D60DDE3-3A7B-4B01-8E73-B1258A703213}.Debug|Any CPU.ActiveCfg = Debug|Any CPU
		{9D60DDE3-3A7B-4B01-8E73-B1258A703213}.Debug|Any CPU.Build.0 = Debug|Any CPU
		{9D60DDE3-3A7B-4B01-8E73-B1258A703213}.Release|Any CPU.ActiveCfg = Release|Any CPU
		{9D60DDE3-3A7B-4B01-8E73-B1258A703213}.Release|Any CPU.Build.0 = Release|Any CPU
		{1C8DEFCF-E322-483B-BD46-085EF47A42A7}.Debug|Any CPU.ActiveCfg = Debug|Any CPU
		{1C8DEFCF-E322-483B-BD46-085EF47A42A7}.Debug|Any CPU.Build.0 = Debug|Any CPU
		{1C8DEFCF-E322-483B-BD46-085EF47A42A7}.Release|Any CPU.ActiveCfg = Release|Any CPU
		{1C8DEFCF-E322-483B-BD46-085EF47A42A7}.Release|Any CPU.Build.0 = Release|Any CPU
		{A88D7C7C-9917-4102-8BA3-7B5F658FD244}.Debug|Any CPU.ActiveCfg = Debug|Any CPU
		{A88D7C7C-9917-4102-8BA3-7B5F658FD244}.Debug|Any CPU.Build.0 = Debug|Any CPU
		{A88D7C7C-9917-4102-8BA3-7B5F658FD244}.Release|Any CPU.ActiveCfg = Release|Any CPU
		{A88D7C7C-9917-4102-8BA3-7B5F658FD244}.Release|Any CPU.Build.0 = Release|Any CPU
		{8BBAB827-1E7E-428C-BA4E-B0296883D2C7}.Debug|Any CPU.ActiveCfg = Debug|Any CPU
		{8BBAB827-1E7E-428C-BA4E-B0296883D2C7}.Debug|Any CPU.Build.0 = Debug|Any CPU
		{8BBAB827-1E7E-428C-BA4E-B0296883D2C7}.Release|Any CPU.ActiveCfg = Release|Any CPU
		{8BBAB827-1E7E-428C-BA4E-B0296883D2C7}.Release|Any CPU.Build.0 = Release|Any CPU
		{57AA4D0A-4163-4C2D-82AF-2AF24776C569}.Debug|Any CPU.ActiveCfg = Debug|Any CPU
		{57AA4D0A-4163-4C2D-82AF-2AF24776C569}.Debug|Any CPU.Build.0 = Debug|Any CPU
		{57AA4D0A-4163-4C2D-82AF-2AF24776C569}.Release|Any CPU.ActiveCfg = Release|Any CPU
		{57AA4D0A-4163-4C2D-82AF-2AF24776C569}.Release|Any CPU.Build.0 = Release|Any CPU
		{8EB58997-322D-409B-9D20-91B5FB55ECAC}.Debug|Any CPU.ActiveCfg = Debug|Any CPU
		{8EB58997-322D-409B-9D20-91B5FB55ECAC}.Debug|Any CPU.Build.0 = Debug|Any CPU
		{8EB58997-322D-409B-9D20-91B5FB55ECAC}.Release|Any CPU.ActiveCfg = Release|Any CPU
		{8EB58997-322D-409B-9D20-91B5FB55ECAC}.Release|Any CPU.Build.0 = Release|Any CPU
		{766CA8C6-361A-498B-A556-0A8C7D083702}.Debug|Any CPU.ActiveCfg = Debug|Any CPU
		{766CA8C6-361A-498B-A556-0A8C7D083702}.Debug|Any CPU.Build.0 = Debug|Any CPU
		{766CA8C6-361A-498B-A556-0A8C7D083702}.Release|Any CPU.ActiveCfg = Release|Any CPU
		{766CA8C6-361A-498B-A556-0A8C7D083702}.Release|Any CPU.Build.0 = Release|Any CPU
		{C6A73CDF-44FB-411B-8313-386C10ABB92E}.Debug|Any CPU.ActiveCfg = Debug|Any CPU
		{C6A73CDF-44FB-411B-8313-386C10ABB92E}.Debug|Any CPU.Build.0 = Debug|Any CPU
		{C6A73CDF-44FB-411B-8313-386C10ABB92E}.Release|Any CPU.ActiveCfg = Release|Any CPU
		{C6A73CDF-44FB-411B-8313-386C10ABB92E}.Release|Any CPU.Build.0 = Release|Any CPU
		{FA1E8D75-81F6-4C43-B4C5-363428F4E516}.Debug|Any CPU.ActiveCfg = Debug|Any CPU
		{FA1E8D75-81F6-4C43-B4C5-363428F4E516}.Debug|Any CPU.Build.0 = Debug|Any CPU
		{FA1E8D75-81F6-4C43-B4C5-363428F4E516}.Release|Any CPU.ActiveCfg = Release|Any CPU
		{FA1E8D75-81F6-4C43-B4C5-363428F4E516}.Release|Any CPU.Build.0 = Release|Any CPU
		{146A982B-8110-42E0-961B-1E5649060A3D}.Debug|Any CPU.ActiveCfg = Debug|Any CPU
		{146A982B-8110-42E0-961B-1E5649060A3D}.Debug|Any CPU.Build.0 = Debug|Any CPU
		{146A982B-8110-42E0-961B-1E5649060A3D}.Release|Any CPU.ActiveCfg = Release|Any CPU
		{146A982B-8110-42E0-961B-1E5649060A3D}.Release|Any CPU.Build.0 = Release|Any CPU
		{3F40D212-FE02-44AB-B90A-CB1A3BC18912}.Debug|Any CPU.ActiveCfg = Debug|Any CPU
		{3F40D212-FE02-44AB-B90A-CB1A3BC18912}.Debug|Any CPU.Build.0 = Debug|Any CPU
		{3F40D212-FE02-44AB-B90A-CB1A3BC18912}.Release|Any CPU.ActiveCfg = Release|Any CPU
		{3F40D212-FE02-44AB-B90A-CB1A3BC18912}.Release|Any CPU.Build.0 = Release|Any CPU
		{4CD7ED97-7489-4723-8E4A-16813B9B1076}.Debug|Any CPU.ActiveCfg = Debug|Any CPU
		{4CD7ED97-7489-4723-8E4A-16813B9B1076}.Debug|Any CPU.Build.0 = Debug|Any CPU
		{4CD7ED97-7489-4723-8E4A-16813B9B1076}.Release|Any CPU.ActiveCfg = Release|Any CPU
		{4CD7ED97-7489-4723-8E4A-16813B9B1076}.Release|Any CPU.Build.0 = Release|Any CPU
		{AAFBC8CD-800A-4C87-97E0-EB136F2DD9BC}.Debug|Any CPU.ActiveCfg = Debug|Any CPU
		{AAFBC8CD-800A-4C87-97E0-EB136F2DD9BC}.Debug|Any CPU.Build.0 = Debug|Any CPU
		{AAFBC8CD-800A-4C87-97E0-EB136F2DD9BC}.Release|Any CPU.ActiveCfg = Release|Any CPU
		{AAFBC8CD-800A-4C87-97E0-EB136F2DD9BC}.Release|Any CPU.Build.0 = Release|Any CPU
		{DF0BBD3A-0F82-48C7-B1C9-7A8D4951027C}.Debug|Any CPU.ActiveCfg = Debug|Any CPU
		{DF0BBD3A-0F82-48C7-B1C9-7A8D4951027C}.Debug|Any CPU.Build.0 = Debug|Any CPU
		{DF0BBD3A-0F82-48C7-B1C9-7A8D4951027C}.Release|Any CPU.ActiveCfg = Release|Any CPU
		{DF0BBD3A-0F82-48C7-B1C9-7A8D4951027C}.Release|Any CPU.Build.0 = Release|Any CPU
		{F8486BD0-B68C-444D-B8BA-227117011BED}.Debug|Any CPU.ActiveCfg = Debug|Any CPU
		{F8486BD0-B68C-444D-B8BA-227117011BED}.Debug|Any CPU.Build.0 = Debug|Any CPU
		{F8486BD0-B68C-444D-B8BA-227117011BED}.Release|Any CPU.ActiveCfg = Release|Any CPU
		{F8486BD0-B68C-444D-B8BA-227117011BED}.Release|Any CPU.Build.0 = Release|Any CPU
		{A3DD099B-4ACE-43B5-B783-C9424B17DD37}.Debug|Any CPU.ActiveCfg = Debug|Any CPU
		{A3DD099B-4ACE-43B5-B783-C9424B17DD37}.Debug|Any CPU.Build.0 = Debug|Any CPU
		{A3DD099B-4ACE-43B5-B783-C9424B17DD37}.Release|Any CPU.ActiveCfg = Release|Any CPU
		{A3DD099B-4ACE-43B5-B783-C9424B17DD37}.Release|Any CPU.Build.0 = Release|Any CPU
		{73BDF48F-CDE9-483A-A13F-3797AB6B6DD9}.Debug|Any CPU.ActiveCfg = Debug|Any CPU
		{73BDF48F-CDE9-483A-A13F-3797AB6B6DD9}.Debug|Any CPU.Build.0 = Debug|Any CPU
		{73BDF48F-CDE9-483A-A13F-3797AB6B6DD9}.Release|Any CPU.ActiveCfg = Release|Any CPU
		{73BDF48F-CDE9-483A-A13F-3797AB6B6DD9}.Release|Any CPU.Build.0 = Release|Any CPU
		{1DABA138-02B4-410A-B2B3-609C595D67C6}.Debug|Any CPU.ActiveCfg = Debug|Any CPU
		{1DABA138-02B4-410A-B2B3-609C595D67C6}.Debug|Any CPU.Build.0 = Debug|Any CPU
		{1DABA138-02B4-410A-B2B3-609C595D67C6}.Release|Any CPU.ActiveCfg = Release|Any CPU
		{1DABA138-02B4-410A-B2B3-609C595D67C6}.Release|Any CPU.Build.0 = Release|Any CPU
		{AF4790A3-F96A-4B72-B909-E367734D5654}.Debug|Any CPU.ActiveCfg = Debug|Any CPU
		{AF4790A3-F96A-4B72-B909-E367734D5654}.Debug|Any CPU.Build.0 = Debug|Any CPU
		{AF4790A3-F96A-4B72-B909-E367734D5654}.Release|Any CPU.ActiveCfg = Release|Any CPU
		{AF4790A3-F96A-4B72-B909-E367734D5654}.Release|Any CPU.Build.0 = Release|Any CPU
		{F77F4817-5852-4FCF-8559-B8C8B3023FF8}.Debug|Any CPU.ActiveCfg = Debug|Any CPU
		{F77F4817-5852-4FCF-8559-B8C8B3023FF8}.Debug|Any CPU.Build.0 = Debug|Any CPU
		{F77F4817-5852-4FCF-8559-B8C8B3023FF8}.Release|Any CPU.ActiveCfg = Release|Any CPU
		{F77F4817-5852-4FCF-8559-B8C8B3023FF8}.Release|Any CPU.Build.0 = Release|Any CPU
		{208ACFB1-B079-48FC-BA02-D07D91BA5656}.Debug|Any CPU.ActiveCfg = Debug|Any CPU
		{208ACFB1-B079-48FC-BA02-D07D91BA5656}.Debug|Any CPU.Build.0 = Debug|Any CPU
		{208ACFB1-B079-48FC-BA02-D07D91BA5656}.Release|Any CPU.ActiveCfg = Release|Any CPU
		{208ACFB1-B079-48FC-BA02-D07D91BA5656}.Release|Any CPU.Build.0 = Release|Any CPU
		{54C11033-9AA5-49CE-9294-A4CF7B8AED96}.Debug|Any CPU.ActiveCfg = Debug|Any CPU
		{54C11033-9AA5-49CE-9294-A4CF7B8AED96}.Debug|Any CPU.Build.0 = Debug|Any CPU
		{54C11033-9AA5-49CE-9294-A4CF7B8AED96}.Release|Any CPU.ActiveCfg = Release|Any CPU
		{54C11033-9AA5-49CE-9294-A4CF7B8AED96}.Release|Any CPU.Build.0 = Release|Any CPU
		{EDB03C6F-F231-4BFA-85FA-8B1B64621884}.Debug|Any CPU.ActiveCfg = Debug|Any CPU
		{EDB03C6F-F231-4BFA-85FA-8B1B64621884}.Debug|Any CPU.Build.0 = Debug|Any CPU
		{EDB03C6F-F231-4BFA-85FA-8B1B64621884}.Release|Any CPU.ActiveCfg = Release|Any CPU
		{EDB03C6F-F231-4BFA-85FA-8B1B64621884}.Release|Any CPU.Build.0 = Release|Any CPU
		{C9A62557-7DA3-48F2-AEEC-3BB565E31565}.Debug|Any CPU.ActiveCfg = Debug|Any CPU
		{C9A62557-7DA3-48F2-AEEC-3BB565E31565}.Debug|Any CPU.Build.0 = Debug|Any CPU
		{C9A62557-7DA3-48F2-AEEC-3BB565E31565}.Release|Any CPU.ActiveCfg = Release|Any CPU
		{C9A62557-7DA3-48F2-AEEC-3BB565E31565}.Release|Any CPU.Build.0 = Release|Any CPU
		{92527F85-7E84-4D48-A931-5264F99DCC84}.Debug|Any CPU.ActiveCfg = Debug|Any CPU
		{92527F85-7E84-4D48-A931-5264F99DCC84}.Debug|Any CPU.Build.0 = Debug|Any CPU
		{92527F85-7E84-4D48-A931-5264F99DCC84}.Release|Any CPU.ActiveCfg = Release|Any CPU
		{92527F85-7E84-4D48-A931-5264F99DCC84}.Release|Any CPU.Build.0 = Release|Any CPU
		{1CE7C6DA-45E0-4277-BB6F-4C3A48DE3AEC}.Debug|Any CPU.ActiveCfg = Debug|Any CPU
		{1CE7C6DA-45E0-4277-BB6F-4C3A48DE3AEC}.Debug|Any CPU.Build.0 = Debug|Any CPU
		{1CE7C6DA-45E0-4277-BB6F-4C3A48DE3AEC}.Release|Any CPU.ActiveCfg = Release|Any CPU
		{1CE7C6DA-45E0-4277-BB6F-4C3A48DE3AEC}.Release|Any CPU.Build.0 = Release|Any CPU
		{D8C2FBFB-825E-415E-B184-898C5BB1B515}.Debug|Any CPU.ActiveCfg = Debug|Any CPU
		{D8C2FBFB-825E-415E-B184-898C5BB1B515}.Debug|Any CPU.Build.0 = Debug|Any CPU
		{D8C2FBFB-825E-415E-B184-898C5BB1B515}.Release|Any CPU.ActiveCfg = Release|Any CPU
		{D8C2FBFB-825E-415E-B184-898C5BB1B515}.Release|Any CPU.Build.0 = Release|Any CPU
		{1C4E1AC5-3317-40DF-9B9D-B77B840E0EB8}.Debug|Any CPU.ActiveCfg = Debug|Any CPU
		{1C4E1AC5-3317-40DF-9B9D-B77B840E0EB8}.Debug|Any CPU.Build.0 = Debug|Any CPU
		{1C4E1AC5-3317-40DF-9B9D-B77B840E0EB8}.Release|Any CPU.ActiveCfg = Release|Any CPU
		{1C4E1AC5-3317-40DF-9B9D-B77B840E0EB8}.Release|Any CPU.Build.0 = Release|Any CPU
	EndGlobalSection
	GlobalSection(SolutionProperties) = preSolution
		HideSolutionNode = FALSE
	EndGlobalSection
	GlobalSection(ExtensibilityGlobals) = postSolution
		SolutionGuid = {F124C9BA-34B0-43C4-8D8C-FF76A7115087}
	EndGlobalSection
EndGlobal
